
Microsoft Visual Studio Solution File, Format Version 12.00
# Visual Studio Version 17
VisualStudioVersion = 17.11.35303.130
MinimumVisualStudioVersion = 10.0.40219.1
Project("{FAE04EC0-301F-11D3-BF4B-00C04F79EFBC}") = "تمرین اول", "تمرین اول\تمرین اول.csproj", "{6C62FCB0-61A9-4DAC-AE7B-D7B90F0127CB}"
EndProject
Global
	GlobalSection(SolutionConfigurationPlatforms) = preSolution
		Debug|Any CPU = Debug|Any CPU
		Release|Any CPU = Release|Any CPU
	EndGlobalSection
	GlobalSection(ProjectConfigurationPlatforms) = postSolution
		{6C62FCB0-61A9-4DAC-AE7B-D7B90F0127CB}.Debug|Any CPU.ActiveCfg = Debug|Any CPU
		{6C62FCB0-61A9-4DAC-AE7B-D7B90F0127CB}.Debug|Any CPU.Build.0 = Debug|Any CPU
		{6C62FCB0-61A9-4DAC-AE7B-D7B90F0127CB}.Release|Any CPU.ActiveCfg = Release|Any CPU
		{6C62FCB0-61A9-4DAC-AE7B-D7B90F0127CB}.Release|Any CPU.Build.0 = Release|Any CPU
	EndGlobalSection
	GlobalSection(SolutionProperties) = preSolution
		HideSolutionNode = FALSE
	EndGlobalSection
	GlobalSection(ExtensibilityGlobals) = postSolution
		SolutionGuid = {D93524E4-9F1B-4F9D-88A2-CECF6D0B448B}
	EndGlobalSection
EndGlobal
